
Microsoft Visual Studio Solution File, Format Version 12.00
# Visual Studio Version 17
VisualStudioVersion = 17.14.36915.13 d17.14
MinimumVisualStudioVersion = 10.0.40219.1
Project("{FAE04EC0-301F-11D3-BF4B-00C04F79EFBC}") = "Compiler", "Compiler\Compiler.csproj", "{51C09132-D80F-46A2-8015-1DBF8F794BBB}"
EndProject
Global
	GlobalSection(SolutionConfigurationPlatforms) = preSolution
		Debug|Any CPU = Debug|Any CPU
		Release|Any CPU = Release|Any CPU
	EndGlobalSection
	GlobalSection(ProjectConfigurationPlatforms) = postSolution
		{51C09132-D80F-46A2-8015-1DBF8F794BBB}.Debug|Any CPU.ActiveCfg = Debug|Any CPU
		{51C09132-D80F-46A2-8015-1DBF8F794BBB}.Debug|Any CPU.Build.0 = Debug|Any CPU
		{51C09132-D80F-46A2-8015-1DBF8F794BBB}.Release|Any CPU.ActiveCfg = Release|Any CPU
		{51C09132-D80F-46A2-8015-1DBF8F794BBB}.Release|Any CPU.Build.0 = Release|Any CPU
	EndGlobalSection
	GlobalSection(SolutionProperties) = preSolution
		HideSolutionNode = FALSE
	EndGlobalSection
	GlobalSection(ExtensibilityGlobals) = postSolution
		SolutionGuid = {38B3C4B3-D249-45AD-A84D-E6B9034FEFB1}
	EndGlobalSection
EndGlobal
